// !$*UTF8*$!
{
	archiveVersion = 1;
	classes = {
	};
	objectVersion = 56;
	objects = {

/* Begin PBXBuildFile section */
		FE1A3C712C0D92BE00B7A9CF /* ChattingData.swift in Sources */ = {isa = PBXBuildFile; fileRef = FE1A3C702C0D92BE00B7A9CF /* ChattingData.swift */; };
		FE1A3C732C0D931100B7A9CF /* TravelTalk.storyboard in Resources */ = {isa = PBXBuildFile; fileRef = FE1A3C722C0D931100B7A9CF /* TravelTalk.storyboard */; };
		FE1A3C752C0D935C00B7A9CF /* TravelTalkViewController.swift in Sources */ = {isa = PBXBuildFile; fileRef = FE1A3C742C0D935C00B7A9CF /* TravelTalkViewController.swift */; };
		FE1A3C7C2C0D997F00B7A9CF /* ReusableProtocol.swift in Sources */ = {isa = PBXBuildFile; fileRef = FE1A3C7B2C0D997F00B7A9CF /* ReusableProtocol.swift */; };
		FE450E1F2C071D7A000B3ACC /* TravelSpotViewController.swift in Sources */ = {isa = PBXBuildFile; fileRef = FE450E1E2C071D7A000B3ACC /* TravelSpotViewController.swift */; };
		FE450E212C073CC4000B3ACC /* AdvertisementInfoViewController.swift in Sources */ = {isa = PBXBuildFile; fileRef = FE450E202C073CC4000B3ACC /* AdvertisementInfoViewController.swift */; };
		FE6610DA2C0E07D800801CFF /* TravelTalkTableViewCell.xib in Resources */ = {isa = PBXBuildFile; fileRef = FE6610D92C0E07D800801CFF /* TravelTalkTableViewCell.xib */; };
		FE6610DB2C0E07D800801CFF /* TravelTalkTableViewCell.swift in Sources */ = {isa = PBXBuildFile; fileRef = FE6610D82C0E07D800801CFF /* TravelTalkTableViewCell.swift */; };
		FE6610DC2C0E14CC00801CFF /* Assets.xcassets in Resources */ = {isa = PBXBuildFile; fileRef = FEAC83452C045BE800357BD3 /* Assets.xcassets */; };
		FE7B66E62C09B5CC008FC191 /* CityInfo.swift in Sources */ = {isa = PBXBuildFile; fileRef = FE7B66E52C09B5CC008FC191 /* CityInfo.swift */; };
		FE7B66E82C09B65E008FC191 /* City.storyboard in Resources */ = {isa = PBXBuildFile; fileRef = FE7B66E72C09B65E008FC191 /* City.storyboard */; };
		FE7B66EA2C09B694008FC191 /* CityViewController.swift in Sources */ = {isa = PBXBuildFile; fileRef = FE7B66E92C09B694008FC191 /* CityViewController.swift */; };
		FE7B66ED2C09B9AC008FC191 /* CityTableViewCell.xib in Resources */ = {isa = PBXBuildFile; fileRef = FE7B66EC2C09B9AC008FC191 /* CityTableViewCell.xib */; };
		FE7B66EE2C09B9AC008FC191 /* CityTableViewCell.swift in Sources */ = {isa = PBXBuildFile; fileRef = FE7B66EB2C09B9AC008FC191 /* CityTableViewCell.swift */; };
		FEAC833D2C045BE700357BD3 /* AppDelegate.swift in Sources */ = {isa = PBXBuildFile; fileRef = FEAC833C2C045BE700357BD3 /* AppDelegate.swift */; };
		FEAC833F2C045BE700357BD3 /* SceneDelegate.swift in Sources */ = {isa = PBXBuildFile; fileRef = FEAC833E2C045BE700357BD3 /* SceneDelegate.swift */; };
		FEAC83412C045BE700357BD3 /* ViewController.swift in Sources */ = {isa = PBXBuildFile; fileRef = FEAC83402C045BE700357BD3 /* ViewController.swift */; };
		FEAC83442C045BE700357BD3 /* Base in Resources */ = {isa = PBXBuildFile; fileRef = FEAC83432C045BE700357BD3 /* Base */; };
		FEAC83492C045BE800357BD3 /* Base in Resources */ = {isa = PBXBuildFile; fileRef = FEAC83482C045BE800357BD3 /* Base */; };
		FEAC83512C045C4A00357BD3 /* TravelModel.swift in Sources */ = {isa = PBXBuildFile; fileRef = FEAC83502C045C4A00357BD3 /* TravelModel.swift */; };
		FEAC83542C045D7A00357BD3 /* TravelViewController.swift in Sources */ = {isa = PBXBuildFile; fileRef = FEAC83522C045D7A00357BD3 /* TravelViewController.swift */; };
		FEAC83582C045DB700357BD3 /* TravelTableViewCell.swift in Sources */ = {isa = PBXBuildFile; fileRef = FEAC83562C045DB700357BD3 /* TravelTableViewCell.swift */; };
		FEAC83592C045DB700357BD3 /* TravelTableViewCell.xib in Resources */ = {isa = PBXBuildFile; fileRef = FEAC83572C045DB700357BD3 /* TravelTableViewCell.xib */; };
		FEAC835C2C047C5100357BD3 /* AdvertisementTableViewCell.swift in Sources */ = {isa = PBXBuildFile; fileRef = FEAC835A2C047C5100357BD3 /* AdvertisementTableViewCell.swift */; };
		FEAC835D2C047C5100357BD3 /* AdvertisementTableViewCell.xib in Resources */ = {isa = PBXBuildFile; fileRef = FEAC835B2C047C5100357BD3 /* AdvertisementTableViewCell.xib */; };
		FEAC83602C04874900357BD3 /* Kingfisher in Frameworks */ = {isa = PBXBuildFile; productRef = FEAC835F2C04874900357BD3 /* Kingfisher */; };
/* End PBXBuildFile section */

/* Begin PBXFileReference section */
		FE1A3C702C0D92BE00B7A9CF /* ChattingData.swift */ = {isa = PBXFileReference; fileEncoding = 4; lastKnownFileType = sourcecode.swift; path = ChattingData.swift; sourceTree = "<group>"; };
		FE1A3C722C0D931100B7A9CF /* TravelTalk.storyboard */ = {isa = PBXFileReference; lastKnownFileType = file.storyboard; path = TravelTalk.storyboard; sourceTree = "<group>"; };
		FE1A3C742C0D935C00B7A9CF /* TravelTalkViewController.swift */ = {isa = PBXFileReference; lastKnownFileType = sourcecode.swift; path = TravelTalkViewController.swift; sourceTree = "<group>"; };
		FE1A3C7B2C0D997F00B7A9CF /* ReusableProtocol.swift */ = {isa = PBXFileReference; lastKnownFileType = sourcecode.swift; path = ReusableProtocol.swift; sourceTree = "<group>"; };
		FE450E1E2C071D7A000B3ACC /* TravelSpotViewController.swift */ = {isa = PBXFileReference; lastKnownFileType = sourcecode.swift; path = TravelSpotViewController.swift; sourceTree = "<group>"; };
		FE450E202C073CC4000B3ACC /* AdvertisementInfoViewController.swift */ = {isa = PBXFileReference; lastKnownFileType = sourcecode.swift; path = AdvertisementInfoViewController.swift; sourceTree = "<group>"; };
		FE6610D82C0E07D800801CFF /* TravelTalkTableViewCell.swift */ = {isa = PBXFileReference; lastKnownFileType = sourcecode.swift; path = TravelTalkTableViewCell.swift; sourceTree = "<group>"; };
		FE6610D92C0E07D800801CFF /* TravelTalkTableViewCell.xib */ = {isa = PBXFileReference; lastKnownFileType = file.xib; path = TravelTalkTableViewCell.xib; sourceTree = "<group>"; };
		FE7B66E52C09B5CC008FC191 /* CityInfo.swift */ = {isa = PBXFileReference; fileEncoding = 4; lastKnownFileType = sourcecode.swift; path = CityInfo.swift; sourceTree = "<group>"; };
		FE7B66E72C09B65E008FC191 /* City.storyboard */ = {isa = PBXFileReference; lastKnownFileType = file.storyboard; path = City.storyboard; sourceTree = "<group>"; };
		FE7B66E92C09B694008FC191 /* CityViewController.swift */ = {isa = PBXFileReference; lastKnownFileType = sourcecode.swift; path = CityViewController.swift; sourceTree = "<group>"; };
		FE7B66EB2C09B9AC008FC191 /* CityTableViewCell.swift */ = {isa = PBXFileReference; lastKnownFileType = sourcecode.swift; path = CityTableViewCell.swift; sourceTree = "<group>"; };
		FE7B66EC2C09B9AC008FC191 /* CityTableViewCell.xib */ = {isa = PBXFileReference; lastKnownFileType = file.xib; path = CityTableViewCell.xib; sourceTree = "<group>"; };
		FEAC83392C045BE700357BD3 /* Travel.app */ = {isa = PBXFileReference; explicitFileType = wrapper.application; includeInIndex = 0; path = Travel.app; sourceTree = BUILT_PRODUCTS_DIR; };
		FEAC833C2C045BE700357BD3 /* AppDelegate.swift */ = {isa = PBXFileReference; lastKnownFileType = sourcecode.swift; path = AppDelegate.swift; sourceTree = "<group>"; };
		FEAC833E2C045BE700357BD3 /* SceneDelegate.swift */ = {isa = PBXFileReference; lastKnownFileType = sourcecode.swift; path = SceneDelegate.swift; sourceTree = "<group>"; };
		FEAC83402C045BE700357BD3 /* ViewController.swift */ = {isa = PBXFileReference; lastKnownFileType = sourcecode.swift; path = ViewController.swift; sourceTree = "<group>"; };
		FEAC83432C045BE700357BD3 /* Base */ = {isa = PBXFileReference; lastKnownFileType = file.storyboard; name = Base; path = Base.lproj/Main.storyboard; sourceTree = "<group>"; };
		FEAC83452C045BE800357BD3 /* Assets.xcassets */ = {isa = PBXFileReference; lastKnownFileType = folder.assetcatalog; path = Assets.xcassets; sourceTree = "<group>"; };
		FEAC83482C045BE800357BD3 /* Base */ = {isa = PBXFileReference; lastKnownFileType = file.storyboard; name = Base; path = Base.lproj/LaunchScreen.storyboard; sourceTree = "<group>"; };
		FEAC834A2C045BE800357BD3 /* Info.plist */ = {isa = PBXFileReference; lastKnownFileType = text.plist.xml; path = Info.plist; sourceTree = "<group>"; };
		FEAC83502C045C4A00357BD3 /* TravelModel.swift */ = {isa = PBXFileReference; fileEncoding = 4; lastKnownFileType = sourcecode.swift; path = TravelModel.swift; sourceTree = "<group>"; };
		FEAC83522C045D7A00357BD3 /* TravelViewController.swift */ = {isa = PBXFileReference; lastKnownFileType = sourcecode.swift; path = TravelViewController.swift; sourceTree = "<group>"; };
		FEAC83562C045DB700357BD3 /* TravelTableViewCell.swift */ = {isa = PBXFileReference; lastKnownFileType = sourcecode.swift; path = TravelTableViewCell.swift; sourceTree = "<group>"; };
		FEAC83572C045DB700357BD3 /* TravelTableViewCell.xib */ = {isa = PBXFileReference; lastKnownFileType = file.xib; path = TravelTableViewCell.xib; sourceTree = "<group>"; };
		FEAC835A2C047C5100357BD3 /* AdvertisementTableViewCell.swift */ = {isa = PBXFileReference; lastKnownFileType = sourcecode.swift; path = AdvertisementTableViewCell.swift; sourceTree = "<group>"; };
		FEAC835B2C047C5100357BD3 /* AdvertisementTableViewCell.xib */ = {isa = PBXFileReference; lastKnownFileType = file.xib; path = AdvertisementTableViewCell.xib; sourceTree = "<group>"; };
/* End PBXFileReference section */

/* Begin PBXFrameworksBuildPhase section */
		FEAC83362C045BE700357BD3 /* Frameworks */ = {
			isa = PBXFrameworksBuildPhase;
			buildActionMask = 2147483647;
			files = (
				FEAC83602C04874900357BD3 /* Kingfisher in Frameworks */,
			);
			runOnlyForDeploymentPostprocessing = 0;
		};
/* End PBXFrameworksBuildPhase section */

/* Begin PBXGroup section */
		FE1A3C7A2C0D948C00B7A9CF /* TravelTalkCell */ = {
			isa = PBXGroup;
			children = (
				FE6610D82C0E07D800801CFF /* TravelTalkTableViewCell.swift */,
				FE6610D92C0E07D800801CFF /* TravelTalkTableViewCell.xib */,
			);
			path = TravelTalkCell;
			sourceTree = "<group>";
		};
		FE450E222C073CD0000B3ACC /* TravelCell */ = {
			isa = PBXGroup;
			children = (
				FEAC835B2C047C5100357BD3 /* AdvertisementTableViewCell.xib */,
				FEAC835A2C047C5100357BD3 /* AdvertisementTableViewCell.swift */,
				FEAC83572C045DB700357BD3 /* TravelTableViewCell.xib */,
				FEAC83562C045DB700357BD3 /* TravelTableViewCell.swift */,
			);
			path = TravelCell;
			sourceTree = "<group>";
		};
		FE450E232C073CFF000B3ACC /* Model */ = {
			isa = PBXGroup;
			children = (
				FE7B66E52C09B5CC008FC191 /* CityInfo.swift */,
				FEAC83502C045C4A00357BD3 /* TravelModel.swift */,
				FE1A3C702C0D92BE00B7A9CF /* ChattingData.swift */,
			);
			path = Model;
			sourceTree = "<group>";
		};
		FE7B66DA2C086F09008FC191 /* TravelSpot */ = {
			isa = PBXGroup;
			children = (
				FE450E1E2C071D7A000B3ACC /* TravelSpotViewController.swift */,
			);
			path = TravelSpot;
			sourceTree = "<group>";
		};
		FE7B66EF2C09B9B5008FC191 /* CityCell */ = {
			isa = PBXGroup;
			children = (
				FE7B66EC2C09B9AC008FC191 /* CityTableViewCell.xib */,
				FE7B66EB2C09B9AC008FC191 /* CityTableViewCell.swift */,
			);
			path = CityCell;
			sourceTree = "<group>";
		};
		FEAC83302C045BE700357BD3 = {
			isa = PBXGroup;
			children = (
				FEAC833B2C045BE700357BD3 /* Travel */,
				FEAC833A2C045BE700357BD3 /* Products */,
			);
			sourceTree = "<group>";
		};
		FEAC833A2C045BE700357BD3 /* Products */ = {
			isa = PBXGroup;
			children = (
				FEAC83392C045BE700357BD3 /* Travel.app */,
			);
			name = Products;
			sourceTree = "<group>";
		};
		FEAC833B2C045BE700357BD3 /* Travel */ = {
			isa = PBXGroup;
			children = (
				FEAC834A2C045BE800357BD3 /* Info.plist */,
				FEAC83452C045BE800357BD3 /* Assets.xcassets */,
				FEAC833C2C045BE700357BD3 /* AppDelegate.swift */,
				FEAC83402C045BE700357BD3 /* ViewController.swift */,
				FEAC833E2C045BE700357BD3 /* SceneDelegate.swift */,
				FEAC83422C045BE700357BD3 /* Main.storyboard */,
				FE7B66E72C09B65E008FC191 /* City.storyboard */,
				FE1A3C722C0D931100B7A9CF /* TravelTalk.storyboard */,
				FEAC83472C045BE800357BD3 /* LaunchScreen.storyboard */,
				FE450E202C073CC4000B3ACC /* AdvertisementInfoViewController.swift */,
				FEAC83522C045D7A00357BD3 /* TravelViewController.swift */,
				FE7B66E92C09B694008FC191 /* CityViewController.swift */,
				FE1A3C742C0D935C00B7A9CF /* TravelTalkViewController.swift */,
				FE450E232C073CFF000B3ACC /* Model */,
				FE450E222C073CD0000B3ACC /* TravelCell */,
				FE7B66DA2C086F09008FC191 /* TravelSpot */,
				FE7B66EF2C09B9B5008FC191 /* CityCell */,
				FE1A3C7A2C0D948C00B7A9CF /* TravelTalkCell */,
				FE1A3C7B2C0D997F00B7A9CF /* ReusableProtocol.swift */,
			);
			path = Travel;
			sourceTree = "<group>";
		};
/* End PBXGroup section */

/* Begin PBXNativeTarget section */
		FEAC83382C045BE700357BD3 /* Travel */ = {
			isa = PBXNativeTarget;
			buildConfigurationList = FEAC834D2C045BE800357BD3 /* Build configuration list for PBXNativeTarget "Travel" */;
			buildPhases = (
				FEAC83352C045BE700357BD3 /* Sources */,
				FEAC83362C045BE700357BD3 /* Frameworks */,
				FEAC83372C045BE700357BD3 /* Resources */,
			);
			buildRules = (
			);
			dependencies = (
			);
			name = Travel;
			packageProductDependencies = (
				FEAC835F2C04874900357BD3 /* Kingfisher */,
			);
			productName = Travel;
			productReference = FEAC83392C045BE700357BD3 /* Travel.app */;
			productType = "com.apple.product-type.application";
		};
/* End PBXNativeTarget section */

/* Begin PBXProject section */
		FEAC83312C045BE700357BD3 /* Project object */ = {
			isa = PBXProject;
			attributes = {
				BuildIndependentTargetsInParallel = 1;
				LastSwiftUpdateCheck = 1540;
				LastUpgradeCheck = 1540;
				TargetAttributes = {
					FEAC83382C045BE700357BD3 = {
						CreatedOnToolsVersion = 15.4;
					};
				};
			};
			buildConfigurationList = FEAC83342C045BE700357BD3 /* Build configuration list for PBXProject "Travel" */;
			compatibilityVersion = "Xcode 14.0";
			developmentRegion = en;
			hasScannedForEncodings = 0;
			knownRegions = (
				en,
				Base,
			);
			mainGroup = FEAC83302C045BE700357BD3;
			packageReferences = (
				FEAC835E2C04874800357BD3 /* XCRemoteSwiftPackageReference "Kingfisher" */,
			);
			productRefGroup = FEAC833A2C045BE700357BD3 /* Products */;
			projectDirPath = "";
			projectRoot = "";
			targets = (
				FEAC83382C045BE700357BD3 /* Travel */,
			);
		};
/* End PBXProject section */

/* Begin PBXResourcesBuildPhase section */
		FEAC83372C045BE700357BD3 /* Resources */ = {
			isa = PBXResourcesBuildPhase;
			buildActionMask = 2147483647;
			files = (
				FE6610DC2C0E14CC00801CFF /* Assets.xcassets in Resources */,
				FEAC83592C045DB700357BD3 /* TravelTableViewCell.xib in Resources */,
				FE6610DA2C0E07D800801CFF /* TravelTalkTableViewCell.xib in Resources */,
				FEAC835D2C047C5100357BD3 /* AdvertisementTableViewCell.xib in Resources */,
				FEAC83492C045BE800357BD3 /* Base in Resources */,
				FE7B66E82C09B65E008FC191 /* City.storyboard in Resources */,
				FE7B66ED2C09B9AC008FC191 /* CityTableViewCell.xib in Resources */,
				FE1A3C732C0D931100B7A9CF /* TravelTalk.storyboard in Resources */,
				FEAC83442C045BE700357BD3 /* Base in Resources */,
			);
			runOnlyForDeploymentPostprocessing = 0;
		};
/* End PBXResourcesBuildPhase section */

/* Begin PBXSourcesBuildPhase section */
		FEAC83352C045BE700357BD3 /* Sources */ = {
			isa = PBXSourcesBuildPhase;
			buildActionMask = 2147483647;
			files = (
				FEAC83412C045BE700357BD3 /* ViewController.swift in Sources */,
				FEAC83582C045DB700357BD3 /* TravelTableViewCell.swift in Sources */,
				FE1A3C712C0D92BE00B7A9CF /* ChattingData.swift in Sources */,
				FE7B66E62C09B5CC008FC191 /* CityInfo.swift in Sources */,
				FE450E212C073CC4000B3ACC /* AdvertisementInfoViewController.swift in Sources */,
				FE6610DB2C0E07D800801CFF /* TravelTalkTableViewCell.swift in Sources */,
				FEAC835C2C047C5100357BD3 /* AdvertisementTableViewCell.swift in Sources */,
				FE1A3C7C2C0D997F00B7A9CF /* ReusableProtocol.swift in Sources */,
				FE7B66EA2C09B694008FC191 /* CityViewController.swift in Sources */,
				FE7B66EE2C09B9AC008FC191 /* CityTableViewCell.swift in Sources */,
				FEAC833D2C045BE700357BD3 /* AppDelegate.swift in Sources */,
				FE450E1F2C071D7A000B3ACC /* TravelSpotViewController.swift in Sources */,
				FE1A3C752C0D935C00B7A9CF /* TravelTalkViewController.swift in Sources */,
				FEAC833F2C045BE700357BD3 /* SceneDelegate.swift in Sources */,
				FEAC83512C045C4A00357BD3 /* TravelModel.swift in Sources */,
				FEAC83542C045D7A00357BD3 /* TravelViewController.swift in Sources */,
			);
			runOnlyForDeploymentPostprocessing = 0;
		};
/* End PBXSourcesBuildPhase section */

/* Begin PBXVariantGroup section */
		FEAC83422C045BE700357BD3 /* Main.storyboard */ = {
			isa = PBXVariantGroup;
			children = (
				FEAC83432C045BE700357BD3 /* Base */,
			);
			name = Main.storyboard;
			sourceTree = "<group>";
		};
		FEAC83472C045BE800357BD3 /* LaunchScreen.storyboard */ = {
			isa = PBXVariantGroup;
			children = (
				FEAC83482C045BE800357BD3 /* Base */,
			);
			name = LaunchScreen.storyboard;
			sourceTree = "<group>";
		};
/* End PBXVariantGroup section */

/* Begin XCBuildConfiguration section */
		FEAC834B2C045BE800357BD3 /* Debug */ = {
			isa = XCBuildConfiguration;
			buildSettings = {
				ALWAYS_SEARCH_USER_PATHS = NO;
				ASSETCATALOG_COMPILER_GENERATE_SWIFT_ASSET_SYMBOL_EXTENSIONS = YES;
				CLANG_ANALYZER_NONNULL = YES;
				CLANG_ANALYZER_NUMBER_OBJECT_CONVERSION = YES_AGGRESSIVE;
				CLANG_CXX_LANGUAGE_STANDARD = "gnu++20";
				CLANG_ENABLE_MODULES = YES;
				CLANG_ENABLE_OBJC_ARC = YES;
				CLANG_ENABLE_OBJC_WEAK = YES;
				CLANG_WARN_BLOCK_CAPTURE_AUTORELEASING = YES;
				CLANG_WARN_BOOL_CONVERSION = YES;
				CLANG_WARN_COMMA = YES;
				CLANG_WARN_CONSTANT_CONVERSION = YES;
				CLANG_WARN_DEPRECATED_OBJC_IMPLEMENTATIONS = YES;
				CLANG_WARN_DIRECT_OBJC_ISA_USAGE = YES_ERROR;
				CLANG_WARN_DOCUMENTATION_COMMENTS = YES;
				CLANG_WARN_EMPTY_BODY = YES;
				CLANG_WARN_ENUM_CONVERSION = YES;
				CLANG_WARN_INFINITE_RECURSION = YES;
				CLANG_WARN_INT_CONVERSION = YES;
				CLANG_WARN_NON_LITERAL_NULL_CONVERSION = YES;
				CLANG_WARN_OBJC_IMPLICIT_RETAIN_SELF = YES;
				CLANG_WARN_OBJC_LITERAL_CONVERSION = YES;
				CLANG_WARN_OBJC_ROOT_CLASS = YES_ERROR;
				CLANG_WARN_QUOTED_INCLUDE_IN_FRAMEWORK_HEADER = YES;
				CLANG_WARN_RANGE_LOOP_ANALYSIS = YES;
				CLANG_WARN_STRICT_PROTOTYPES = YES;
				CLANG_WARN_SUSPICIOUS_MOVE = YES;
				CLANG_WARN_UNGUARDED_AVAILABILITY = YES_AGGRESSIVE;
				CLANG_WARN_UNREACHABLE_CODE = YES;
				CLANG_WARN__DUPLICATE_METHOD_MATCH = YES;
				COPY_PHASE_STRIP = NO;
				DEBUG_INFORMATION_FORMAT = dwarf;
				ENABLE_STRICT_OBJC_MSGSEND = YES;
				ENABLE_TESTABILITY = YES;
				ENABLE_USER_SCRIPT_SANDBOXING = YES;
				GCC_C_LANGUAGE_STANDARD = gnu17;
				GCC_DYNAMIC_NO_PIC = NO;
				GCC_NO_COMMON_BLOCKS = YES;
				GCC_OPTIMIZATION_LEVEL = 0;
				GCC_PREPROCESSOR_DEFINITIONS = (
					"DEBUG=1",
					"$(inherited)",
				);
				GCC_WARN_64_TO_32_BIT_CONVERSION = YES;
				GCC_WARN_ABOUT_RETURN_TYPE = YES_ERROR;
				GCC_WARN_UNDECLARED_SELECTOR = YES;
				GCC_WARN_UNINITIALIZED_AUTOS = YES_AGGRESSIVE;
				GCC_WARN_UNUSED_FUNCTION = YES;
				GCC_WARN_UNUSED_VARIABLE = YES;
				IPHONEOS_DEPLOYMENT_TARGET = 17.5;
				LOCALIZATION_PREFERS_STRING_CATALOGS = YES;
				MTL_ENABLE_DEBUG_INFO = INCLUDE_SOURCE;
				MTL_FAST_MATH = YES;
				ONLY_ACTIVE_ARCH = YES;
				SDKROOT = iphoneos;
				SWIFT_ACTIVE_COMPILATION_CONDITIONS = "DEBUG $(inherited)";
				SWIFT_OPTIMIZATION_LEVEL = "-Onone";
			};
			name = Debug;
		};
		FEAC834C2C045BE800357BD3 /* Release */ = {
			isa = XCBuildConfiguration;
			buildSettings = {
				ALWAYS_SEARCH_USER_PATHS = NO;
				ASSETCATALOG_COMPILER_GENERATE_SWIFT_ASSET_SYMBOL_EXTENSIONS = YES;
				CLANG_ANALYZER_NONNULL = YES;
				CLANG_ANALYZER_NUMBER_OBJECT_CONVERSION = YES_AGGRESSIVE;
				CLANG_CXX_LANGUAGE_STANDARD = "gnu++20";
				CLANG_ENABLE_MODULES = YES;
				CLANG_ENABLE_OBJC_ARC = YES;
				CLANG_ENABLE_OBJC_WEAK = YES;
				CLANG_WARN_BLOCK_CAPTURE_AUTORELEASING = YES;
				CLANG_WARN_BOOL_CONVERSION = YES;
				CLANG_WARN_COMMA = YES;
				CLANG_WARN_CONSTANT_CONVERSION = YES;
				CLANG_WARN_DEPRECATED_OBJC_IMPLEMENTATIONS = YES;
				CLANG_WARN_DIRECT_OBJC_ISA_USAGE = YES_ERROR;
				CLANG_WARN_DOCUMENTATION_COMMENTS = YES;
				CLANG_WARN_EMPTY_BODY = YES;
				CLANG_WARN_ENUM_CONVERSION = YES;
				CLANG_WARN_INFINITE_RECURSION = YES;
				CLANG_WARN_INT_CONVERSION = YES;
				CLANG_WARN_NON_LITERAL_NULL_CONVERSION = YES;
				CLANG_WARN_OBJC_IMPLICIT_RETAIN_SELF = YES;
				CLANG_WARN_OBJC_LITERAL_CONVERSION = YES;
				CLANG_WARN_OBJC_ROOT_CLASS = YES_ERROR;
				CLANG_WARN_QUOTED_INCLUDE_IN_FRAMEWORK_HEADER = YES;
				CLANG_WARN_RANGE_LOOP_ANALYSIS = YES;
				CLANG_WARN_STRICT_PROTOTYPES = YES;
				CLANG_WARN_SUSPICIOUS_MOVE = YES;
				CLANG_WARN_UNGUARDED_AVAILABILITY = YES_AGGRESSIVE;
				CLANG_WARN_UNREACHABLE_CODE = YES;
				CLANG_WARN__DUPLICATE_METHOD_MATCH = YES;
				COPY_PHASE_STRIP = NO;
				DEBUG_INFORMATION_FORMAT = "dwarf-with-dsym";
				ENABLE_NS_ASSERTIONS = NO;
				ENABLE_STRICT_OBJC_MSGSEND = YES;
				ENABLE_USER_SCRIPT_SANDBOXING = YES;
				GCC_C_LANGUAGE_STANDARD = gnu17;
				GCC_NO_COMMON_BLOCKS = YES;
				GCC_WARN_64_TO_32_BIT_CONVERSION = YES;
				GCC_WARN_ABOUT_RETURN_TYPE = YES_ERROR;
				GCC_WARN_UNDECLARED_SELECTOR = YES;
				GCC_WARN_UNINITIALIZED_AUTOS = YES_AGGRESSIVE;
				GCC_WARN_UNUSED_FUNCTION = YES;
				GCC_WARN_UNUSED_VARIABLE = YES;
				IPHONEOS_DEPLOYMENT_TARGET = 17.5;
				LOCALIZATION_PREFERS_STRING_CATALOGS = YES;
				MTL_ENABLE_DEBUG_INFO = NO;
				MTL_FAST_MATH = YES;
				SDKROOT = iphoneos;
				SWIFT_COMPILATION_MODE = wholemodule;
				VALIDATE_PRODUCT = YES;
			};
			name = Release;
		};
		FEAC834E2C045BE800357BD3 /* Debug */ = {
			isa = XCBuildConfiguration;
			buildSettings = {
				ASSETCATALOG_COMPILER_APPICON_NAME = AppIcon;
				ASSETCATALOG_COMPILER_GLOBAL_ACCENT_COLOR_NAME = AccentColor;
				CODE_SIGN_STYLE = Automatic;
				CURRENT_PROJECT_VERSION = 1;
				DEVELOPMENT_TEAM = D6XHS673R6;
				GENERATE_INFOPLIST_FILE = YES;
				INFOPLIST_FILE = Travel/Info.plist;
				INFOPLIST_KEY_UIApplicationSupportsIndirectInputEvents = YES;
				INFOPLIST_KEY_UILaunchStoryboardName = LaunchScreen;
				INFOPLIST_KEY_UIMainStoryboardFile = Main;
				INFOPLIST_KEY_UISupportedInterfaceOrientations_iPad = "UIInterfaceOrientationPortrait UIInterfaceOrientationPortraitUpsideDown UIInterfaceOrientationLandscapeLeft UIInterfaceOrientationLandscapeRight";
				INFOPLIST_KEY_UISupportedInterfaceOrientations_iPhone = "UIInterfaceOrientationPortrait UIInterfaceOrientationLandscapeLeft UIInterfaceOrientationLandscapeRight";
				LD_RUNPATH_SEARCH_PATHS = (
					"$(inherited)",
					"@executable_path/Frameworks",
				);
				MARKETING_VERSION = 1.0;
				PRODUCT_BUNDLE_IDENTIFIER = com.Nnn.Travel;
				PRODUCT_NAME = "$(TARGET_NAME)";
				SWIFT_EMIT_LOC_STRINGS = YES;
				SWIFT_VERSION = 5.0;
				TARGETED_DEVICE_FAMILY = "1,2";
			};
			name = Debug;
		};
		FEAC834F2C045BE800357BD3 /* Release */ = {
			isa = XCBuildConfiguration;
			buildSettings = {
				ASSETCATALOG_COMPILER_APPICON_NAME = AppIcon;
				ASSETCATALOG_COMPILER_GLOBAL_ACCENT_COLOR_NAME = AccentColor;
				CODE_SIGN_STYLE = Automatic;
				CURRENT_PROJECT_VERSION = 1;
				DEVELOPMENT_TEAM = D6XHS673R6;
				GENERATE_INFOPLIST_FILE = YES;
				INFOPLIST_FILE = Travel/Info.plist;
				INFOPLIST_KEY_UIApplicationSupportsIndirectInputEvents = YES;
				INFOPLIST_KEY_UILaunchStoryboardName = LaunchScreen;
				INFOPLIST_KEY_UIMainStoryboardFile = Main;
				INFOPLIST_KEY_UISupportedInterfaceOrientations_iPad = "UIInterfaceOrientationPortrait UIInterfaceOrientationPortraitUpsideDown UIInterfaceOrientationLandscapeLeft UIInterfaceOrientationLandscapeRight";
				INFOPLIST_KEY_UISupportedInterfaceOrientations_iPhone = "UIInterfaceOrientationPortrait UIInterfaceOrientationLandscapeLeft UIInterfaceOrientationLandscapeRight";
				LD_RUNPATH_SEARCH_PATHS = (
					"$(inherited)",
					"@executable_path/Frameworks",
				);
				MARKETING_VERSION = 1.0;
				PRODUCT_BUNDLE_IDENTIFIER = com.Nnn.Travel;
				PRODUCT_NAME = "$(TARGET_NAME)";
				SWIFT_EMIT_LOC_STRINGS = YES;
				SWIFT_VERSION = 5.0;
				TARGETED_DEVICE_FAMILY = "1,2";
			};
			name = Release;
		};
/* End XCBuildConfiguration section */

/* Begin XCConfigurationList section */
		FEAC83342C045BE700357BD3 /* Build configuration list for PBXProject "Travel" */ = {
			isa = XCConfigurationList;
			buildConfigurations = (
				FEAC834B2C045BE800357BD3 /* Debug */,
				FEAC834C2C045BE800357BD3 /* Release */,
			);
			defaultConfigurationIsVisible = 0;
			defaultConfigurationName = Release;
		};
		FEAC834D2C045BE800357BD3 /* Build configuration list for PBXNativeTarget "Travel" */ = {
			isa = XCConfigurationList;
			buildConfigurations = (
				FEAC834E2C045BE800357BD3 /* Debug */,
				FEAC834F2C045BE800357BD3 /* Release */,
			);
			defaultConfigurationIsVisible = 0;
			defaultConfigurationName = Release;
		};
/* End XCConfigurationList section */

/* Begin XCRemoteSwiftPackageReference section */
		FEAC835E2C04874800357BD3 /* XCRemoteSwiftPackageReference "Kingfisher" */ = {
			isa = XCRemoteSwiftPackageReference;
			repositoryURL = "https://github.com/onevcat/Kingfisher.git";
			requirement = {
				kind = upToNextMajorVersion;
				minimumVersion = 7.11.0;
			};
		};
/* End XCRemoteSwiftPackageReference section */

/* Begin XCSwiftPackageProductDependency section */
		FEAC835F2C04874900357BD3 /* Kingfisher */ = {
			isa = XCSwiftPackageProductDependency;
			package = FEAC835E2C04874800357BD3 /* XCRemoteSwiftPackageReference "Kingfisher" */;
			productName = Kingfisher;
		};
/* End XCSwiftPackageProductDependency section */
	};
	rootObject = FEAC83312C045BE700357BD3 /* Project object */;
}
